
Microsoft Visual Studio Solution File, Format Version 12.00
# Visual Studio Version 17
VisualStudioVersion = 17.9.34728.123
MinimumVisualStudioVersion = 10.0.40219.1
Project("{FAE04EC0-301F-11D3-BF4B-00C04F79EFBC}") = "C#.Net", "C#.Net\C#.Net.csproj", "{A1AA3987-04FE-44B7-876F-E2F6D4429F45}"
EndProject
Global
	GlobalSection(SolutionConfigurationPlatforms) = preSolution
		Debug|Any CPU = Debug|Any CPU
		Release|Any CPU = Release|Any CPU
	EndGlobalSection
	GlobalSection(ProjectConfigurationPlatforms) = postSolution
		{A1AA3987-04FE-44B7-876F-E2F6D4429F45}.Debug|Any CPU.ActiveCfg = Debug|Any CPU
		{A1AA3987-04FE-44B7-876F-E2F6D4429F45}.Debug|Any CPU.Build.0 = Debug|Any CPU
		{A1AA3987-04FE-44B7-876F-E2F6D4429F45}.Release|Any CPU.ActiveCfg = Release|Any CPU
		{A1AA3987-04FE-44B7-876F-E2F6D4429F45}.Release|Any CPU.Build.0 = Release|Any CPU
	EndGlobalSection
	GlobalSection(SolutionProperties) = preSolution
		HideSolutionNode = FALSE
	EndGlobalSection
	GlobalSection(ExtensibilityGlobals) = postSolution
		SolutionGuid = {F47AEFF8-5ED6-49C7-AC4C-11EA8367F2A6}
	EndGlobalSection
EndGlobal
